// !$*UTF8*$!
{
	archiveVersion = 1;
	classes = {
	};
	objectVersion = 56;
	objects = {

/* Begin PBXBuildFile section */
		003D55332B14794000A7EE07 /* check_errors.cpp in Sources */ = {isa = PBXBuildFile; fileRef = 003D55312B14794000A7EE07 /* check_errors.cpp */; };
		00B18A372B1263E70014B531 /* main.cpp in Sources */ = {isa = PBXBuildFile; fileRef = 00B18A362B1263E70014B531 /* main.cpp */; };
		00B18A3F2B12641C0014B531 /* figure.cpp in Sources */ = {isa = PBXBuildFile; fileRef = 00B18A3D2B12641C0014B531 /* figure.cpp */; };
		00B18A422B12645A0014B531 /* triangle.cpp in Sources */ = {isa = PBXBuildFile; fileRef = 00B18A402B12645A0014B531 /* triangle.cpp */; };
		00B18A452B1264980014B531 /* right_triangle.cpp in Sources */ = {isa = PBXBuildFile; fileRef = 00B18A432B1264980014B531 /* right_triangle.cpp */; };
		00B18A482B1264C50014B531 /* isosceles_triangle.cpp in Sources */ = {isa = PBXBuildFile; fileRef = 00B18A462B1264C40014B531 /* isosceles_triangle.cpp */; };
		00B18A4B2B1264F10014B531 /* equilateral_triangle.cpp in Sources */ = {isa = PBXBuildFile; fileRef = 00B18A492B1264F10014B531 /* equilateral_triangle.cpp */; };
		00B18A4E2B1265210014B531 /* quadrilateral.cpp in Sources */ = {isa = PBXBuildFile; fileRef = 00B18A4C2B1265210014B531 /* quadrilateral.cpp */; };
		00B18A512B12654D0014B531 /* rectangle.cpp in Sources */ = {isa = PBXBuildFile; fileRef = 00B18A4F2B12654D0014B531 /* rectangle.cpp */; };
		00B18A542B1265760014B531 /* square.cpp in Sources */ = {isa = PBXBuildFile; fileRef = 00B18A522B1265760014B531 /* square.cpp */; };
		00B18A572B12659F0014B531 /* parallelogram.cpp in Sources */ = {isa = PBXBuildFile; fileRef = 00B18A552B12659F0014B531 /* parallelogram.cpp */; };
		00B18A5A2B12660B0014B531 /* rhomb.cpp in Sources */ = {isa = PBXBuildFile; fileRef = 00B18A582B12660B0014B531 /* rhomb.cpp */; };
/* End PBXBuildFile section */

/* Begin PBXCopyFilesBuildPhase section */
		00B18A312B1263E70014B531 /* CopyFiles */ = {
			isa = PBXCopyFilesBuildPhase;
			buildActionMask = 2147483647;
			dstPath = /usr/share/man/man1/;
			dstSubfolderSpec = 0;
			files = (
			);
			runOnlyForDeploymentPostprocessing = 1;
		};
/* End PBXCopyFilesBuildPhase section */

/* Begin PBXFileReference section */
		003D55312B14794000A7EE07 /* check_errors.cpp */ = {isa = PBXFileReference; fileEncoding = 4; lastKnownFileType = sourcecode.cpp.cpp; path = check_errors.cpp; sourceTree = "<group>"; };
		003D55322B14794000A7EE07 /* check_errors.hpp */ = {isa = PBXFileReference; fileEncoding = 4; lastKnownFileType = sourcecode.cpp.h; path = check_errors.hpp; sourceTree = "<group>"; };
		00B18A332B1263E70014B531 /* cppm-homework-08.02 */ = {isa = PBXFileReference; explicitFileType = "compiled.mach-o.executable"; includeInIndex = 0; path = "cppm-homework-08.02"; sourceTree = BUILT_PRODUCTS_DIR; };
		00B18A362B1263E70014B531 /* main.cpp */ = {isa = PBXFileReference; lastKnownFileType = sourcecode.cpp.cpp; path = main.cpp; sourceTree = "<group>"; };
		00B18A3D2B12641C0014B531 /* figure.cpp */ = {isa = PBXFileReference; lastKnownFileType = sourcecode.cpp.cpp; path = figure.cpp; sourceTree = "<group>"; };
		00B18A3E2B12641C0014B531 /* figure.hpp */ = {isa = PBXFileReference; lastKnownFileType = sourcecode.cpp.h; path = figure.hpp; sourceTree = "<group>"; };
		00B18A402B12645A0014B531 /* triangle.cpp */ = {isa = PBXFileReference; lastKnownFileType = sourcecode.cpp.cpp; path = triangle.cpp; sourceTree = "<group>"; };
		00B18A412B12645A0014B531 /* triangle.hpp */ = {isa = PBXFileReference; lastKnownFileType = sourcecode.cpp.h; path = triangle.hpp; sourceTree = "<group>"; };
		00B18A432B1264980014B531 /* right_triangle.cpp */ = {isa = PBXFileReference; lastKnownFileType = sourcecode.cpp.cpp; path = right_triangle.cpp; sourceTree = "<group>"; };
		00B18A442B1264980014B531 /* right_triangle.hpp */ = {isa = PBXFileReference; lastKnownFileType = sourcecode.cpp.h; path = right_triangle.hpp; sourceTree = "<group>"; };
		00B18A462B1264C40014B531 /* isosceles_triangle.cpp */ = {isa = PBXFileReference; lastKnownFileType = sourcecode.cpp.cpp; path = isosceles_triangle.cpp; sourceTree = "<group>"; };
		00B18A472B1264C40014B531 /* isosceles_triangle.hpp */ = {isa = PBXFileReference; lastKnownFileType = sourcecode.cpp.h; path = isosceles_triangle.hpp; sourceTree = "<group>"; };
		00B18A492B1264F10014B531 /* equilateral_triangle.cpp */ = {isa = PBXFileReference; lastKnownFileType = sourcecode.cpp.cpp; path = equilateral_triangle.cpp; sourceTree = "<group>"; };
		00B18A4A2B1264F10014B531 /* equilateral_triangle.hpp */ = {isa = PBXFileReference; lastKnownFileType = sourcecode.cpp.h; path = equilateral_triangle.hpp; sourceTree = "<group>"; };
		00B18A4C2B1265210014B531 /* quadrilateral.cpp */ = {isa = PBXFileReference; lastKnownFileType = sourcecode.cpp.cpp; path = quadrilateral.cpp; sourceTree = "<group>"; };
		00B18A4D2B1265210014B531 /* quadrilateral.hpp */ = {isa = PBXFileReference; lastKnownFileType = sourcecode.cpp.h; path = quadrilateral.hpp; sourceTree = "<group>"; };
		00B18A4F2B12654D0014B531 /* rectangle.cpp */ = {isa = PBXFileReference; lastKnownFileType = sourcecode.cpp.cpp; path = rectangle.cpp; sourceTree = "<group>"; };
		00B18A502B12654D0014B531 /* rectangle.hpp */ = {isa = PBXFileReference; lastKnownFileType = sourcecode.cpp.h; path = rectangle.hpp; sourceTree = "<group>"; };
		00B18A522B1265760014B531 /* square.cpp */ = {isa = PBXFileReference; lastKnownFileType = sourcecode.cpp.cpp; path = square.cpp; sourceTree = "<group>"; };
		00B18A532B1265760014B531 /* square.hpp */ = {isa = PBXFileReference; lastKnownFileType = sourcecode.cpp.h; path = square.hpp; sourceTree = "<group>"; };
		00B18A552B12659F0014B531 /* parallelogram.cpp */ = {isa = PBXFileReference; lastKnownFileType = sourcecode.cpp.cpp; path = parallelogram.cpp; sourceTree = "<group>"; };
		00B18A562B12659F0014B531 /* parallelogram.hpp */ = {isa = PBXFileReference; lastKnownFileType = sourcecode.cpp.h; path = parallelogram.hpp; sourceTree = "<group>"; };
		00B18A582B12660B0014B531 /* rhomb.cpp */ = {isa = PBXFileReference; lastKnownFileType = sourcecode.cpp.cpp; path = rhomb.cpp; sourceTree = "<group>"; };
		00B18A592B12660B0014B531 /* rhomb.hpp */ = {isa = PBXFileReference; lastKnownFileType = sourcecode.cpp.h; path = rhomb.hpp; sourceTree = "<group>"; };
/* End PBXFileReference section */

/* Begin PBXFrameworksBuildPhase section */
		00B18A302B1263E70014B531 /* Frameworks */ = {
			isa = PBXFrameworksBuildPhase;
			buildActionMask = 2147483647;
			files = (
			);
			runOnlyForDeploymentPostprocessing = 0;
		};
/* End PBXFrameworksBuildPhase section */

/* Begin PBXGroup section */
		00B18A2A2B1263E70014B531 = {
			isa = PBXGroup;
			children = (
				003D55312B14794000A7EE07 /* check_errors.cpp */,
				003D55322B14794000A7EE07 /* check_errors.hpp */,
				00B18A582B12660B0014B531 /* rhomb.cpp */,
				00B18A592B12660B0014B531 /* rhomb.hpp */,
				00B18A552B12659F0014B531 /* parallelogram.cpp */,
				00B18A562B12659F0014B531 /* parallelogram.hpp */,
				00B18A522B1265760014B531 /* square.cpp */,
				00B18A532B1265760014B531 /* square.hpp */,
				00B18A4F2B12654D0014B531 /* rectangle.cpp */,
				00B18A502B12654D0014B531 /* rectangle.hpp */,
				00B18A4C2B1265210014B531 /* quadrilateral.cpp */,
				00B18A4D2B1265210014B531 /* quadrilateral.hpp */,
				00B18A492B1264F10014B531 /* equilateral_triangle.cpp */,
				00B18A4A2B1264F10014B531 /* equilateral_triangle.hpp */,
				00B18A462B1264C40014B531 /* isosceles_triangle.cpp */,
				00B18A472B1264C40014B531 /* isosceles_triangle.hpp */,
				00B18A432B1264980014B531 /* right_triangle.cpp */,
				00B18A442B1264980014B531 /* right_triangle.hpp */,
				00B18A402B12645A0014B531 /* triangle.cpp */,
				00B18A412B12645A0014B531 /* triangle.hpp */,
				00B18A3D2B12641C0014B531 /* figure.cpp */,
				00B18A3E2B12641C0014B531 /* figure.hpp */,
				00B18A352B1263E70014B531 /* cppm-homework-08.02 */,
				00B18A342B1263E70014B531 /* Products */,
			);
			sourceTree = "<group>";
		};
		00B18A342B1263E70014B531 /* Products */ = {
			isa = PBXGroup;
			children = (
				00B18A332B1263E70014B531 /* cppm-homework-08.02 */,
			);
			name = Products;
			sourceTree = "<group>";
		};
		00B18A352B1263E70014B531 /* cppm-homework-08.02 */ = {
			isa = PBXGroup;
			children = (
				00B18A362B1263E70014B531 /* main.cpp */,
			);
			path = "cppm-homework-08.02";
			sourceTree = "<group>";
		};
/* End PBXGroup section */

/* Begin PBXNativeTarget section */
		00B18A322B1263E70014B531 /* cppm-homework-08.02 */ = {
			isa = PBXNativeTarget;
			buildConfigurationList = 00B18A3A2B1263E70014B531 /* Build configuration list for PBXNativeTarget "cppm-homework-08.02" */;
			buildPhases = (
				00B18A2F2B1263E70014B531 /* Sources */,
				00B18A302B1263E70014B531 /* Frameworks */,
				00B18A312B1263E70014B531 /* CopyFiles */,
			);
			buildRules = (
			);
			dependencies = (
			);
			name = "cppm-homework-08.02";
			productName = "cppm-homework-08.02";
			productReference = 00B18A332B1263E70014B531 /* cppm-homework-08.02 */;
			productType = "com.apple.product-type.tool";
		};
/* End PBXNativeTarget section */

/* Begin PBXProject section */
		00B18A2B2B1263E70014B531 /* Project object */ = {
			isa = PBXProject;
			attributes = {
				BuildIndependentTargetsInParallel = 1;
				LastUpgradeCheck = 1420;
				TargetAttributes = {
					00B18A322B1263E70014B531 = {
						CreatedOnToolsVersion = 14.2;
					};
				};
			};
			buildConfigurationList = 00B18A2E2B1263E70014B531 /* Build configuration list for PBXProject "cppm-homework-08.02" */;
			compatibilityVersion = "Xcode 14.0";
			developmentRegion = en;
			hasScannedForEncodings = 0;
			knownRegions = (
				en,
				Base,
			);
			mainGroup = 00B18A2A2B1263E70014B531;
			productRefGroup = 00B18A342B1263E70014B531 /* Products */;
			projectDirPath = "";
			projectRoot = "";
			targets = (
				00B18A322B1263E70014B531 /* cppm-homework-08.02 */,
			);
		};
/* End PBXProject section */

/* Begin PBXSourcesBuildPhase section */
		00B18A2F2B1263E70014B531 /* Sources */ = {
			isa = PBXSourcesBuildPhase;
			buildActionMask = 2147483647;
			files = (
				00B18A372B1263E70014B531 /* main.cpp in Sources */,
				00B18A542B1265760014B531 /* square.cpp in Sources */,
				00B18A422B12645A0014B531 /* triangle.cpp in Sources */,
				00B18A482B1264C50014B531 /* isosceles_triangle.cpp in Sources */,
				00B18A512B12654D0014B531 /* rectangle.cpp in Sources */,
				00B18A452B1264980014B531 /* right_triangle.cpp in Sources */,
				00B18A3F2B12641C0014B531 /* figure.cpp in Sources */,
				00B18A4B2B1264F10014B531 /* equilateral_triangle.cpp in Sources */,
				00B18A4E2B1265210014B531 /* quadrilateral.cpp in Sources */,
				00B18A5A2B12660B0014B531 /* rhomb.cpp in Sources */,
				00B18A572B12659F0014B531 /* parallelogram.cpp in Sources */,
				003D55332B14794000A7EE07 /* check_errors.cpp in Sources */,
			);
			runOnlyForDeploymentPostprocessing = 0;
		};
/* End PBXSourcesBuildPhase section */

/* Begin XCBuildConfiguration section */
		00B18A382B1263E70014B531 /* Debug */ = {
			isa = XCBuildConfiguration;
			buildSettings = {
				ALWAYS_SEARCH_USER_PATHS = NO;
				CLANG_ANALYZER_NONNULL = YES;
				CLANG_ANALYZER_NUMBER_OBJECT_CONVERSION = YES_AGGRESSIVE;
				CLANG_CXX_LANGUAGE_STANDARD = "gnu++20";
				CLANG_ENABLE_MODULES = YES;
				CLANG_ENABLE_OBJC_ARC = YES;
				CLANG_ENABLE_OBJC_WEAK = YES;
				CLANG_WARN_BLOCK_CAPTURE_AUTORELEASING = YES;
				CLANG_WARN_BOOL_CONVERSION = YES;
				CLANG_WARN_COMMA = YES;
				CLANG_WARN_CONSTANT_CONVERSION = YES;
				CLANG_WARN_DEPRECATED_OBJC_IMPLEMENTATIONS = YES;
				CLANG_WARN_DIRECT_OBJC_ISA_USAGE = YES_ERROR;
				CLANG_WARN_DOCUMENTATION_COMMENTS = YES;
				CLANG_WARN_EMPTY_BODY = YES;
				CLANG_WARN_ENUM_CONVERSION = YES;
				CLANG_WARN_INFINITE_RECURSION = YES;
				CLANG_WARN_INT_CONVERSION = YES;
				CLANG_WARN_NON_LITERAL_NULL_CONVERSION = YES;
				CLANG_WARN_OBJC_IMPLICIT_RETAIN_SELF = YES;
				CLANG_WARN_OBJC_LITERAL_CONVERSION = YES;
				CLANG_WARN_OBJC_ROOT_CLASS = YES_ERROR;
				CLANG_WARN_QUOTED_INCLUDE_IN_FRAMEWORK_HEADER = YES;
				CLANG_WARN_RANGE_LOOP_ANALYSIS = YES;
				CLANG_WARN_STRICT_PROTOTYPES = YES;
				CLANG_WARN_SUSPICIOUS_MOVE = YES;
				CLANG_WARN_UNGUARDED_AVAILABILITY = YES_AGGRESSIVE;
				CLANG_WARN_UNREACHABLE_CODE = YES;
				CLANG_WARN__DUPLICATE_METHOD_MATCH = YES;
				COPY_PHASE_STRIP = NO;
				DEBUG_INFORMATION_FORMAT = dwarf;
				ENABLE_STRICT_OBJC_MSGSEND = YES;
				ENABLE_TESTABILITY = YES;
				GCC_C_LANGUAGE_STANDARD = gnu11;
				GCC_DYNAMIC_NO_PIC = NO;
				GCC_NO_COMMON_BLOCKS = YES;
				GCC_OPTIMIZATION_LEVEL = 0;
				GCC_PREPROCESSOR_DEFINITIONS = (
					"DEBUG=1",
					"$(inherited)",
				);
				GCC_WARN_64_TO_32_BIT_CONVERSION = YES;
				GCC_WARN_ABOUT_RETURN_TYPE = YES_ERROR;
				GCC_WARN_UNDECLARED_SELECTOR = YES;
				GCC_WARN_UNINITIALIZED_AUTOS = YES_AGGRESSIVE;
				GCC_WARN_UNUSED_FUNCTION = YES;
				GCC_WARN_UNUSED_VARIABLE = YES;
				MACOSX_DEPLOYMENT_TARGET = 12.7;
				MTL_ENABLE_DEBUG_INFO = INCLUDE_SOURCE;
				MTL_FAST_MATH = YES;
				ONLY_ACTIVE_ARCH = YES;
				SDKROOT = macosx;
			};
			name = Debug;
		};
		00B18A392B1263E70014B531 /* Release */ = {
			isa = XCBuildConfiguration;
			buildSettings = {
				ALWAYS_SEARCH_USER_PATHS = NO;
				CLANG_ANALYZER_NONNULL = YES;
				CLANG_ANALYZER_NUMBER_OBJECT_CONVERSION = YES_AGGRESSIVE;
				CLANG_CXX_LANGUAGE_STANDARD = "gnu++20";
				CLANG_ENABLE_MODULES = YES;
				CLANG_ENABLE_OBJC_ARC = YES;
				CLANG_ENABLE_OBJC_WEAK = YES;
				CLANG_WARN_BLOCK_CAPTURE_AUTORELEASING = YES;
				CLANG_WARN_BOOL_CONVERSION = YES;
				CLANG_WARN_COMMA = YES;
				CLANG_WARN_CONSTANT_CONVERSION = YES;
				CLANG_WARN_DEPRECATED_OBJC_IMPLEMENTATIONS = YES;
				CLANG_WARN_DIRECT_OBJC_ISA_USAGE = YES_ERROR;
				CLANG_WARN_DOCUMENTATION_COMMENTS = YES;
				CLANG_WARN_EMPTY_BODY = YES;
				CLANG_WARN_ENUM_CONVERSION = YES;
				CLANG_WARN_INFINITE_RECURSION = YES;
				CLANG_WARN_INT_CONVERSION = YES;
				CLANG_WARN_NON_LITERAL_NULL_CONVERSION = YES;
				CLANG_WARN_OBJC_IMPLICIT_RETAIN_SELF = YES;
				CLANG_WARN_OBJC_LITERAL_CONVERSION = YES;
				CLANG_WARN_OBJC_ROOT_CLASS = YES_ERROR;
				CLANG_WARN_QUOTED_INCLUDE_IN_FRAMEWORK_HEADER = YES;
				CLANG_WARN_RANGE_LOOP_ANALYSIS = YES;
				CLANG_WARN_STRICT_PROTOTYPES = YES;
				CLANG_WARN_SUSPICIOUS_MOVE = YES;
				CLANG_WARN_UNGUARDED_AVAILABILITY = YES_AGGRESSIVE;
				CLANG_WARN_UNREACHABLE_CODE = YES;
				CLANG_WARN__DUPLICATE_METHOD_MATCH = YES;
				COPY_PHASE_STRIP = NO;
				DEBUG_INFORMATION_FORMAT = "dwarf-with-dsym";
				ENABLE_NS_ASSERTIONS = NO;
				ENABLE_STRICT_OBJC_MSGSEND = YES;
				GCC_C_LANGUAGE_STANDARD = gnu11;
				GCC_NO_COMMON_BLOCKS = YES;
				GCC_WARN_64_TO_32_BIT_CONVERSION = YES;
				GCC_WARN_ABOUT_RETURN_TYPE = YES_ERROR;
				GCC_WARN_UNDECLARED_SELECTOR = YES;
				GCC_WARN_UNINITIALIZED_AUTOS = YES_AGGRESSIVE;
				GCC_WARN_UNUSED_FUNCTION = YES;
				GCC_WARN_UNUSED_VARIABLE = YES;
				MACOSX_DEPLOYMENT_TARGET = 12.7;
				MTL_ENABLE_DEBUG_INFO = NO;
				MTL_FAST_MATH = YES;
				SDKROOT = macosx;
			};
			name = Release;
		};
		00B18A3B2B1263E70014B531 /* Debug */ = {
			isa = XCBuildConfiguration;
			buildSettings = {
				CODE_SIGN_STYLE = Automatic;
				PRODUCT_NAME = "$(TARGET_NAME)";
			};
			name = Debug;
		};
		00B18A3C2B1263E70014B531 /* Release */ = {
			isa = XCBuildConfiguration;
			buildSettings = {
				CODE_SIGN_STYLE = Automatic;
				PRODUCT_NAME = "$(TARGET_NAME)";
			};
			name = Release;
		};
/* End XCBuildConfiguration section */

/* Begin XCConfigurationList section */
		00B18A2E2B1263E70014B531 /* Build configuration list for PBXProject "cppm-homework-08.02" */ = {
			isa = XCConfigurationList;
			buildConfigurations = (
				00B18A382B1263E70014B531 /* Debug */,
				00B18A392B1263E70014B531 /* Release */,
			);
			defaultConfigurationIsVisible = 0;
			defaultConfigurationName = Release;
		};
		00B18A3A2B1263E70014B531 /* Build configuration list for PBXNativeTarget "cppm-homework-08.02" */ = {
			isa = XCConfigurationList;
			buildConfigurations = (
				00B18A3B2B1263E70014B531 /* Debug */,
				00B18A3C2B1263E70014B531 /* Release */,
			);
			defaultConfigurationIsVisible = 0;
			defaultConfigurationName = Release;
		};
/* End XCConfigurationList section */
	};
	rootObject = 00B18A2B2B1263E70014B531 /* Project object */;
}
